{
  "name": "jq-at-spreadsheets-nodejs",
  "version": "1.0.0",
  "lockfileVersion": 2,
  "requires": true,
  "packages": {
    "": {
      "name": "jq-at-spreadsheets-nodejs",
      "version": "1.0.0",
      "license": "ISC",
      "bin": {
        "jq-at-spreadsheets": "jq_at_spreadsheets.js"
      }
    }
  }
}
